
Microsoft Visual Studio Solution File, Format Version 12.00
# Visual Studio Version 17
VisualStudioVersion = 17.0.31903.59
MinimumVisualStudioVersion = 10.0.40219.1
Project("{2150E333-8FDC-42A3-9474-1A3956D46DE8}") = "src", "src", "{C1EC9FA9-2F06-4347-9F9B-4D4E0FE6A13F}"
EndProject
Project("{2150E333-8FDC-42A3-9474-1A3956D46DE8}") = "tests", "tests", "{E776087D-2735-4D24-9048-4E626518B68D}"
EndProject
Project("{2150E333-8FDC-42A3-9474-1A3956D46DE8}") = "Modules", "Modules", "{C1426EE8-FA1E-4678-AFC5-DBBFBEF1F70D}"
EndProject
Project("{FAE04EC0-301F-11D3-BF4B-00C04F79EFBC}") = "MHub.Login", "MHub.Login\MHub.Login.csproj", "{3D648B91-F625-4FD1-A60F-64331E37293F}"
EndProject
Global
	GlobalSection(SolutionConfigurationPlatforms) = preSolution
		Debug|Any CPU = Debug|Any CPU
		Release|Any CPU = Release|Any CPU
	EndGlobalSection
	GlobalSection(ProjectConfigurationPlatforms) = postSolution
		{3D648B91-F625-4FD1-A60F-64331E37293F}.Debug|Any CPU.ActiveCfg = Debug|Any CPU
		{3D648B91-F625-4FD1-A60F-64331E37293F}.Debug|Any CPU.Build.0 = Debug|Any CPU
		{3D648B91-F625-4FD1-A60F-64331E37293F}.Release|Any CPU.ActiveCfg = Release|Any CPU
		{3D648B91-F625-4FD1-A60F-64331E37293F}.Release|Any CPU.Build.0 = Release|Any CPU
	EndGlobalSection
	GlobalSection(SolutionProperties) = preSolution
		HideSolutionNode = FALSE
	EndGlobalSection
	GlobalSection(NestedProjects) = preSolution
		{C1426EE8-FA1E-4678-AFC5-DBBFBEF1F70D} = {C1EC9FA9-2F06-4347-9F9B-4D4E0FE6A13F}
		{3D648B91-F625-4FD1-A60F-64331E37293F} = {C1426EE8-FA1E-4678-AFC5-DBBFBEF1F70D}
	EndGlobalSection
	GlobalSection(ExtensibilityGlobals) = postSolution
		SolutionGuid = {CBEEBAE8-4EEC-4084-83C6-FAFAE409AEF7}
	EndGlobalSection
EndGlobal
